
Microsoft Visual Studio Solution File, Format Version 12.00
# Visual Studio Version 17
VisualStudioVersion = 17.9.34723.18
MinimumVisualStudioVersion = 10.0.40219.1
Project("{FAE04EC0-301F-11D3-BF4B-00C04F79EFBC}") = "ЗД2", "ЗД2\ЗД2.csproj", "{5609FF18-1FA2-43DF-81A4-13C17B5DFEF0}"
EndProject
Global
	GlobalSection(SolutionConfigurationPlatforms) = preSolution
		Debug|Any CPU = Debug|Any CPU
		Release|Any CPU = Release|Any CPU
	EndGlobalSection
	GlobalSection(ProjectConfigurationPlatforms) = postSolution
		{5609FF18-1FA2-43DF-81A4-13C17B5DFEF0}.Debug|Any CPU.ActiveCfg = Debug|Any CPU
		{5609FF18-1FA2-43DF-81A4-13C17B5DFEF0}.Debug|Any CPU.Build.0 = Debug|Any CPU
		{5609FF18-1FA2-43DF-81A4-13C17B5DFEF0}.Release|Any CPU.ActiveCfg = Release|Any CPU
		{5609FF18-1FA2-43DF-81A4-13C17B5DFEF0}.Release|Any CPU.Build.0 = Release|Any CPU
	EndGlobalSection
	GlobalSection(SolutionProperties) = preSolution
		HideSolutionNode = FALSE
	EndGlobalSection
	GlobalSection(ExtensibilityGlobals) = postSolution
		SolutionGuid = {DD746651-DBD3-4EB2-9962-E0074062EA6C}
	EndGlobalSection
EndGlobal
